
Microsoft Visual Studio Solution File, Format Version 12.00
# Visual Studio Version 17
VisualStudioVersion = 17.11.35327.3
MinimumVisualStudioVersion = 10.0.40219.1
Project("{8BC9CEB8-8B4A-11D0-8D11-00A0C91BC942}") = "gmod-module-base-vs", "gmod-module-base-vs\gmod-module-base-vs.vcxproj", "{653446C8-1693-43AE-99A3-95403196E1D4}"
EndProject
Global
	GlobalSection(SolutionConfigurationPlatforms) = preSolution
		Debug|x64 = Debug|x64
		Debug|x86 = Debug|x86
		Release|x64 = Release|x64
		Release|x86 = Release|x86
	EndGlobalSection
	GlobalSection(ProjectConfigurationPlatforms) = postSolution
		{653446C8-1693-43AE-99A3-95403196E1D4}.Debug|x64.ActiveCfg = Debug|x64
		{653446C8-1693-43AE-99A3-95403196E1D4}.Debug|x64.Build.0 = Debug|x64
		{653446C8-1693-43AE-99A3-95403196E1D4}.Debug|x86.ActiveCfg = Debug|Win32
		{653446C8-1693-43AE-99A3-95403196E1D4}.Debug|x86.Build.0 = Debug|Win32
		{653446C8-1693-43AE-99A3-95403196E1D4}.Release|x64.ActiveCfg = Release|x64
		{653446C8-1693-43AE-99A3-95403196E1D4}.Release|x64.Build.0 = Release|x64
		{653446C8-1693-43AE-99A3-95403196E1D4}.Release|x86.ActiveCfg = Release|Win32
		{653446C8-1693-43AE-99A3-95403196E1D4}.Release|x86.Build.0 = Release|Win32
	EndGlobalSection
	GlobalSection(SolutionProperties) = preSolution
		HideSolutionNode = FALSE
	EndGlobalSection
	GlobalSection(ExtensibilityGlobals) = postSolution
		SolutionGuid = {6B83A159-797B-47B4-A4CE-1F6B29B76439}
	EndGlobalSection
EndGlobal
